
Microsoft Visual Studio Solution File, Format Version 12.00
# Visual Studio Version 17
VisualStudioVersion = 17.9.34714.143
MinimumVisualStudioVersion = 10.0.40219.1
Project("{FAE04EC0-301F-11D3-BF4B-00C04F79EFBC}") = "WinServ", "WinServ.csproj", "{0E0D841E-152D-4156-89D6-7EAB0375153E}"
EndProject
Project("{FAE04EC0-301F-11D3-BF4B-00C04F79EFBC}") = "WinServWorker", "..\WinServWorker\WinServWorker.csproj", "{79D43263-1F8A-4317-B7D6-900FA412396E}"
EndProject
Global
	GlobalSection(SolutionConfigurationPlatforms) = preSolution
		Debug|Any CPU = Debug|Any CPU
		Release|Any CPU = Release|Any CPU
	EndGlobalSection
	GlobalSection(ProjectConfigurationPlatforms) = postSolution
		{0E0D841E-152D-4156-89D6-7EAB0375153E}.Debug|Any CPU.ActiveCfg = Debug|Any CPU
		{0E0D841E-152D-4156-89D6-7EAB0375153E}.Debug|Any CPU.Build.0 = Debug|Any CPU
		{0E0D841E-152D-4156-89D6-7EAB0375153E}.Release|Any CPU.ActiveCfg = Release|Any CPU
		{0E0D841E-152D-4156-89D6-7EAB0375153E}.Release|Any CPU.Build.0 = Release|Any CPU
		{79D43263-1F8A-4317-B7D6-900FA412396E}.Debug|Any CPU.ActiveCfg = Debug|Any CPU
		{79D43263-1F8A-4317-B7D6-900FA412396E}.Debug|Any CPU.Build.0 = Debug|Any CPU
		{79D43263-1F8A-4317-B7D6-900FA412396E}.Release|Any CPU.ActiveCfg = Release|Any CPU
		{79D43263-1F8A-4317-B7D6-900FA412396E}.Release|Any CPU.Build.0 = Release|Any CPU
	EndGlobalSection
	GlobalSection(SolutionProperties) = preSolution
		HideSolutionNode = FALSE
	EndGlobalSection
	GlobalSection(ExtensibilityGlobals) = postSolution
		SolutionGuid = {9BD25DA2-AC76-4A6F-98BB-AEC395CA68E8}
	EndGlobalSection
EndGlobal
